
Microsoft Visual Studio Solution File, Format Version 12.00
# Visual Studio Version 17
VisualStudioVersion = 17.14.36221.1 d17.14
MinimumVisualStudioVersion = 10.0.40219.1
Project("{FAE04EC0-301F-11D3-BF4B-00C04F79EFBC}") = "Miasta", "Miasta.csproj", "{A044C672-DD61-4613-AA00-8C72DB15576F}"
EndProject
Global
	GlobalSection(SolutionConfigurationPlatforms) = preSolution
		Debug|Any CPU = Debug|Any CPU
		Release|Any CPU = Release|Any CPU
	EndGlobalSection
	GlobalSection(ProjectConfigurationPlatforms) = postSolution
		{A044C672-DD61-4613-AA00-8C72DB15576F}.Debug|Any CPU.ActiveCfg = Debug|Any CPU
		{A044C672-DD61-4613-AA00-8C72DB15576F}.Debug|Any CPU.Build.0 = Debug|Any CPU
		{A044C672-DD61-4613-AA00-8C72DB15576F}.Release|Any CPU.ActiveCfg = Release|Any CPU
		{A044C672-DD61-4613-AA00-8C72DB15576F}.Release|Any CPU.Build.0 = Release|Any CPU
	EndGlobalSection
	GlobalSection(SolutionProperties) = preSolution
		HideSolutionNode = FALSE
	EndGlobalSection
	GlobalSection(ExtensibilityGlobals) = postSolution
		SolutionGuid = {9BB31772-FC13-4513-BBDC-B52039A7F7F6}
	EndGlobalSection
EndGlobal
